version = 1
revision = 3
requires-python = ">=3.14"

[[package]]
name = "deprecated"
version = "1.3.1"
source = { registry = "https://pypi.org/simple" }
dependencies = [
    { name = "wrapt" },
]
sdist = { url = "https://files.pythonhosted.org/packages/49/85/12f0a49a7c4ffb70572b6c2ef13c90c88fd190debda93b23f026b25f9634/deprecated-1.3.1.tar.gz", hash = "sha256:b1b50e0ff0c1fddaa5708a2c6b0a6588bb09b892825ab2b214ac9ea9d92a5223", size = 2932523, upload-time = "2025-10-30T08:19:02.757Z" }
wheels = [
    { url = "https://files.pythonhosted.org/packages/84/d0/205d54408c08b13550c733c4b85429e7ead111c7f0014309637425520a9a/deprecated-1.3.1-py2.py3-none-any.whl", hash = "sha256:597bfef186b6f60181535a29fbe44865ce137a5079f295b479886c82729d5f3f", size = 11298, upload-time = "2025-10-30T08:19:00.758Z" },
]

[[package]]
name = "jaconv"
version = "0.5.0"
source = { registry = "https://pypi.org/simple" }
sdist = { url = "https://files.pythonhosted.org/packages/91/0e/9fffaacda59bdfa479372c71d18d72968d2af5a36a5a2086b02a60124b98/jaconv-0.5.0.tar.gz", hash = "sha256:53f6f968276846716f0f37100a6d5c7308cfa1e0c714eb41287d5bb09345c40f", size = 21816, upload-time = "2026-02-08T11:15:57.07Z" }
wheels = [
    { url = "https://files.pythonhosted.org/packages/3b/da/9657d637bcacdbaf6a914ce504000da5639f9d945f8d3552a940f021d6c0/jaconv-0.5.0-py3-none-any.whl", hash = "sha256:2914114fe761ca49fc7089e25e6ad4a400c26f262ffce84e13b176916b71610a", size = 16831, upload-time = "2026-02-08T11:15:55.322Z" },
]

[[package]]
name = "jpa2022csl"
version = "0.1.0"
source = { virtual = "." }
dependencies = [
    { name = "pykakasi" },
]

[package.metadata]
requires-dist = [{ name = "pykakasi", specifier = ">=2.3.0" }]

[[package]]
name = "pykakasi"
version = "2.3.0"
source = { registry = "https://pypi.org/simple" }
dependencies = [
    { name = "deprecated" },
    { name = "jaconv" },
]
sdist = { url = "https://files.pythonhosted.org/packages/ad/32/2a8e213fd744459a03864af7cf4c6142ee061fc915757c8152d147b16015/pykakasi-2.3.0.tar.gz", hash = "sha256:fa052a8e63f59fb8d6569abbe719a8c9f9daf15ed27a67a56ab1705f0f67b0a1", size = 21752447, upload-time = "2024-06-24T04:57:31.233Z" }
wheels = [
    { url = "https://files.pythonhosted.org/packages/0f/e8/11644fe823e05c583b330e9fb81e3e8fc5d079036512a8300fc157be349d/pykakasi-2.3.0-py3-none-any.whl", hash = "sha256:26d21b090048ff45c6a4d8e962426b7951767216008ec30358e8a9d74af77f29", size = 2395003, upload-time = "2024-06-24T04:57:18.101Z" },
]

[[package]]
name = "wrapt"
version = "2.1.1"
source = { registry = "https://pypi.org/simple" }
sdist = { url = "https://files.pythonhosted.org/packages/f7/37/ae31f40bec90de2f88d9597d0b5281e23ffe85b893a47ca5d9c05c63a4f6/wrapt-2.1.1.tar.gz", hash = "sha256:5fdcb09bf6db023d88f312bd0767594b414655d58090fc1c46b3414415f67fac", size = 81329, upload-time = "2026-02-03T02:12:13.786Z" }
wheels = [
    { url = "https://files.pythonhosted.org/packages/95/a0/1c2396e272f91efe6b16a6a8bce7ad53856c8f9ae4f34ceaa711d63ec9e1/wrapt-2.1.1-cp314-cp314-macosx_10_15_x86_64.whl", hash = "sha256:9aa1765054245bb01a37f615503290d4e207e3fd59226e78341afb587e9c1236", size = 61311, upload-time = "2026-02-03T02:12:44.41Z" },
    { url = "https://files.pythonhosted.org/packages/b0/9a/d2faba7e61072a7507b5722db63562fdb22f5a24e237d460d18755627f15/wrapt-2.1.1-cp314-cp314-macosx_11_0_arm64.whl", hash = "sha256:feff14b63a6d86c1eee33a57f77573649f2550935981625be7ff3cb7342efe05", size = 61805, upload-time = "2026-02-03T02:11:59.905Z" },
    { url = "https://files.pythonhosted.org/packages/db/56/073989deb4b5d7d6e7ea424476a4ae4bda02140f2dbeaafb14ba4864dd60/wrapt-2.1.1-cp314-cp314-manylinux1_x86_64.manylinux_2_28_x86_64.manylinux_2_5_x86_64.whl", hash = "sha256:81fc5f22d5fcfdbabde96bb3f5379b9f4476d05c6d524d7259dc5dfb501d3281", size = 120308, upload-time = "2026-02-03T02:12:04.46Z" },
    { url = "https://files.pythonhosted.org/packages/d1/b6/84f37261295e38167a29eb82affaf1dc15948dc416925fe2091beee8e4ac/wrapt-2.1.1-cp314-cp314-manylinux2014_aarch64.manylinux_2_17_aarch64.manylinux_2_28_aarch64.whl", hash = "sha256:951b228ecf66def855d22e006ab9a1fc12535111ae7db2ec576c728f8ddb39e8", size = 122688, upload-time = "2026-02-03T02:11:23.148Z" },
    { url = "https://files.pythonhosted.org/packages/ea/80/32db2eec6671f80c65b7ff175be61bc73d7f5223f6910b0c921bbc4bd11c/wrapt-2.1.1-cp314-cp314-musllinux_1_2_aarch64.whl", hash = "sha256:0ddf582a95641b9a8c8bd643e83f34ecbbfe1b68bc3850093605e469ab680ae3", size = 121115, upload-time = "2026-02-03T02:12:39.068Z" },
    { url = "https://files.pythonhosted.org/packages/49/ef/dcd00383df0cd696614127902153bf067971a5aabcd3c9dcb2d8ef354b2a/wrapt-2.1.1-cp314-cp314-musllinux_1_2_x86_64.whl", hash = "sha256:fc5c500966bf48913f795f1984704e6d452ba2414207b15e1f8c339a059d5b16", size = 119484, upload-time = "2026-02-03T02:11:48.419Z" },
    { url = "https://files.pythonhosted.org/packages/76/29/0630280cdd2bd8f86f35cb6854abee1c9d6d1a28a0c6b6417cd15d378325/wrapt-2.1.1-cp314-cp314-win32.whl", hash = "sha256:4aa4baadb1f94b71151b8e44a0c044f6af37396c3b8bcd474b78b49e2130a23b", size = 58514, upload-time = "2026-02-03T02:11:58.616Z" },
    { url = "https://files.pythonhosted.org/packages/db/19/5bed84f9089ed2065f6aeda5dfc4f043743f642bc871454b261c3d7d322b/wrapt-2.1.1-cp314-cp314-win_amd64.whl", hash = "sha256:860e9d3fd81816a9f4e40812f28be4439ab01f260603c749d14be3c0a1170d19", size = 60763, upload-time = "2026-02-03T02:12:24.553Z" },
    { url = "https://files.pythonhosted.org/packages/e4/cb/b967f2f9669e4249b4fe82e630d2a01bc6b9e362b9b12ed91bbe23ae8df4/wrapt-2.1.1-cp314-cp314-win_arm64.whl", hash = "sha256:3c59e103017a2c1ea0ddf589cbefd63f91081d7ce9d491d69ff2512bb1157e23", size = 59051, upload-time = "2026-02-03T02:11:29.602Z" },
    { url = "https://files.pythonhosted.org/packages/eb/19/6fed62be29f97eb8a56aff236c3f960a4b4a86e8379dc7046a8005901a97/wrapt-2.1.1-cp314-cp314t-macosx_10_15_x86_64.whl", hash = "sha256:9fa7c7e1bee9278fc4f5dd8275bc8d25493281a8ec6c61959e37cc46acf02007", size = 63059, upload-time = "2026-02-03T02:12:06.368Z" },
    { url = "https://files.pythonhosted.org/packages/0a/1c/b757fd0adb53d91547ed8fad76ba14a5932d83dde4c994846a2804596378/wrapt-2.1.1-cp314-cp314t-macosx_11_0_arm64.whl", hash = "sha256:39c35e12e8215628984248bd9c8897ce0a474be2a773db207eb93414219d8469", size = 63618, upload-time = "2026-02-03T02:12:23.197Z" },
    { url = "https://files.pythonhosted.org/packages/10/fe/e5ae17b1480957c7988d991b93df9f2425fc51f128cf88144d6a18d0eb12/wrapt-2.1.1-cp314-cp314t-manylinux1_x86_64.manylinux_2_28_x86_64.manylinux_2_5_x86_64.whl", hash = "sha256:94ded4540cac9125eaa8ddf5f651a7ec0da6f5b9f248fe0347b597098f8ec14c", size = 152544, upload-time = "2026-02-03T02:11:43.915Z" },
    { url = "https://files.pythonhosted.org/packages/3e/cc/99aed210c6b547b8a6e4cb9d1425e4466727158a6aeb833aa7997e9e08dd/wrapt-2.1.1-cp314-cp314t-manylinux2014_aarch64.manylinux_2_17_aarch64.manylinux_2_28_aarch64.whl", hash = "sha256:da0af328373f97ed9bdfea24549ac1b944096a5a71b30e41c9b8b53ab3eec04a", size = 158700, upload-time = "2026-02-03T02:12:30.684Z" },
    { url = "https://files.pythonhosted.org/packages/81/0e/d442f745f4957944d5f8ad38bc3a96620bfff3562533b87e486e979f3d99/wrapt-2.1.1-cp314-cp314t-musllinux_1_2_aarch64.whl", hash = "sha256:4ad839b55f0bf235f8e337ce060572d7a06592592f600f3a3029168e838469d3", size = 155561, upload-time = "2026-02-03T02:11:28.164Z" },
    { url = "https://files.pythonhosted.org/packages/51/ac/9891816280e0018c48f8dfd61b136af7b0dcb4a088895db2531acde5631b/wrapt-2.1.1-cp314-cp314t-musllinux_1_2_x86_64.whl", hash = "sha256:0d89c49356e5e2a50fa86b40e0510082abcd0530f926cbd71cf25bee6b9d82d7", size = 150188, upload-time = "2026-02-03T02:11:57.053Z" },
    { url = "https://files.pythonhosted.org/packages/24/98/e2f273b6d70d41f98d0739aa9a269d0b633684a5fb17b9229709375748d4/wrapt-2.1.1-cp314-cp314t-win32.whl", hash = "sha256:f4c7dd22cf7f36aafe772f3d88656559205c3af1b7900adfccb70edeb0d2abc4", size = 60425, upload-time = "2026-02-03T02:11:35.007Z" },
    { url = "https://files.pythonhosted.org/packages/1e/06/b500bfc38a4f82d89f34a13069e748c82c5430d365d9e6b75afb3ab74457/wrapt-2.1.1-cp314-cp314t-win_amd64.whl", hash = "sha256:f76bc12c583ab01e73ba0ea585465a41e48d968f6d1311b4daec4f8654e356e3", size = 63855, upload-time = "2026-02-03T02:12:15.47Z" },
    { url = "https://files.pythonhosted.org/packages/d9/cc/5f6193c32166faee1d2a613f278608e6f3b95b96589d020f0088459c46c9/wrapt-2.1.1-cp314-cp314t-win_arm64.whl", hash = "sha256:7ea74fc0bec172f1ae5f3505b6655c541786a5cabe4bbc0d9723a56ac32eb9b9", size = 60443, upload-time = "2026-02-03T02:11:30.869Z" },
    { url = "https://files.pythonhosted.org/packages/c4/da/5a086bf4c22a41995312db104ec2ffeee2cf6accca9faaee5315c790377d/wrapt-2.1.1-py3-none-any.whl", hash = "sha256:3b0f4629eb954394a3d7c7a1c8cca25f0b07cefe6aa8545e862e9778152de5b7", size = 43886, upload-time = "2026-02-03T02:11:45.048Z" },
]
